<?xml version="1.0" encoding="utf-8"?>
<Project ToolsVersion="4.0" xmlns="http://schemas.microsoft.com/developer/msbuild/2003">
  <ItemGroup>
    <Filter Include="Ursa">
      <UniqueIdentifier>{E09F8D7C-CCD6-8E0D-75C3-741061D90A0F}</UniqueIdentifier>
    </Filter>
    <Filter Include="Ursa\Events">
      <UniqueIdentifier>{C4AF34A4-3065-AD99-B959-A770250EA49D}</UniqueIdentifier>
    </Filter>
  </ItemGroup>
  <ItemGroup>
    <ClInclude Include="src\Ursa.h" />
    <ClInclude Include="src\Ursa\Application.h">
      <Filter>Ursa</Filter>
    </ClInclude>
    <ClInclude Include="src\Ursa\Core.h">
      <Filter>Ursa</Filter>
    </ClInclude>
    <ClInclude Include="src\Ursa\EntryPoint.h">
      <Filter>Ursa</Filter>
    </ClInclude>
    <ClInclude Include="src\Ursa\Events\ApplicationEvent.h">
      <Filter>Ursa\Events</Filter>
    </ClInclude>
    <ClInclude Include="src\Ursa\Events\Event.h">
      <Filter>Ursa\Events</Filter>
    </ClInclude>
    <ClInclude Include="src\Ursa\Events\KeyEvent.h">
      <Filter>Ursa\Events</Filter>
    </ClInclude>
    <ClInclude Include="src\Ursa\Events\MouseEvent.h">
      <Filter>Ursa\Events</Filter>
    </ClInclude>
    <ClInclude Include="src\Ursa\Log.h">
      <Filter>Ursa</Filter>
    </ClInclude>
    <ClInclude Include="src\ursapch.h" />
    <ClInclude Include="src\Ursa\Platform\Windows\WindowsWindow.h" />
    <ClInclude Include="src\Ursa\Window.h">
      <Filter>Ursa</Filter>
    </ClInclude>
  </ItemGroup>
  <ItemGroup>
    <ClCompile Include="src\Ursa\Application.cpp">
      <Filter>Ursa</Filter>
    </ClCompile>
    <ClCompile Include="src\Ursa\Log.cpp">
      <Filter>Ursa</Filter>
    </ClCompile>
    <ClCompile Include="src\ursapch.cpp" />
    <ClCompile Include="src\Ursa\Platform\Windows\WindowsWindow.cpp" />
  </ItemGroup>
</Project>